
Microsoft Visual Studio Solution File, Format Version 12.00
# Visual Studio Version 16
VisualStudioVersion = 16.0.29926.136
MinimumVisualStudioVersion = 15.0.26124.0
Project("{9A19103F-16F7-4668-BE54-9A1E7A4F7556}") = "Sylvan.Data", "Sylvan.Data\Sylvan.Data.csproj", "{75FB5B35-17D3-400A-8FC4-ECFACB1163D5}"
EndProject
Project("{9A19103F-16F7-4668-BE54-9A1E7A4F7556}") = "Sylvan.Data.Tests", "Sylvan.Data.Tests\Sylvan.Data.Tests.csproj", "{30F75797-AEE0-4628-9E10-CF52961A9B1A}"
EndProject
Project("{2150E333-8FDC-42A3-9474-1A3956D46DE8}") = "Tests", "Tests", "{395AEB56-67B5-4510-A19C-9E8811062C87}"
EndProject
Project("{9A19103F-16F7-4668-BE54-9A1E7A4F7556}") = "Sylvan.Data.Csv", "Sylvan.Data.Csv\Sylvan.Data.Csv.csproj", "{BAF83B6A-4F03-4663-A533-70B5CBD1552B}"
EndProject
Project("{9A19103F-16F7-4668-BE54-9A1E7A4F7556}") = "Sylvan.Data.Csv.Tests", "Sylvan.Data.Csv.Tests\Sylvan.Data.Csv.Tests.csproj", "{9550B025-23E5-47EC-99F5-5D3676357C5A}"
EndProject
Project("{9A19103F-16F7-4668-BE54-9A1E7A4F7556}") = "Sylvan.Benchmarks", "Sylvan.Benchmarks\Sylvan.Benchmarks.csproj", "{50FBCD70-BE18-49FF-8D65-9E0F8ABDC580}"
EndProject
Project("{9A19103F-16F7-4668-BE54-9A1E7A4F7556}") = "Sylvan.Common", "Sylvan.Common\Sylvan.Common.csproj", "{A2755B18-1B14-4641-998D-AE5A15140F62}"
EndProject
Project("{9A19103F-16F7-4668-BE54-9A1E7A4F7556}") = "Sylvan.Common.Tests", "Sylvan.Common.Tests\Sylvan.Common.Tests.csproj", "{7C6433C4-CE77-43D9-B888-A0A7C5B17C4D}"
EndProject
Project("{9A19103F-16F7-4668-BE54-9A1E7A4F7556}") = "Sylvan.Terminal", "Sylvan.Terminal\Sylvan.Terminal.csproj", "{27492A16-95EA-44D4-AA2D-7834A907C00E}"
EndProject
Project("{2150E333-8FDC-42A3-9474-1A3956D46DE8}") = "Tools", "Tools", "{38AEC6F9-6E57-4C17-ACDD-ACF310AA2537}"
EndProject
Project("{9A19103F-16F7-4668-BE54-9A1E7A4F7556}") = "Sylvan.Tools.SystemInfo", "Sylvan.Tools.SystemInfo\Sylvan.Tools.SystemInfo.csproj", "{7FE08757-86A4-4E5D-AB4F-8645A03A7493}"
EndProject
Project("{2150E333-8FDC-42A3-9474-1A3956D46DE8}") = "Build", "Build", "{70EFA271-0E5B-4977-90F0-F86C13B937AF}"
	ProjectSection(SolutionItems) = preProject
		..\.gitignore = ..\.gitignore
		..\benchmark.cmd = ..\benchmark.cmd
		..\coverage.cmd = ..\coverage.cmd
		..\build\Coverage.proj = ..\build\Coverage.proj
		..\Directory.Build.props = ..\Directory.Build.props
		..\Directory.Build.targets = ..\Directory.Build.targets
		..\.github\workflows\dotnet.yml = ..\.github\workflows\dotnet.yml
	EndProjectSection
EndProject
Project("{2150E333-8FDC-42A3-9474-1A3956D46DE8}") = "Docs", "Docs", "{BF19FE51-6183-4B10-888C-B85E3BFBA9C0}"
	ProjectSection(SolutionItems) = preProject
		..\readme.md = ..\readme.md
		..\docs\Sylvan.BuildTools.Data.md = ..\docs\Sylvan.BuildTools.Data.md
		..\docs\Sylvan.Data.Csv.Design.md = ..\docs\Sylvan.Data.Csv.Design.md
		..\docs\Sylvan.Data.Csv.md = ..\docs\Sylvan.Data.Csv.md
		..\docs\Sylvan.Data.Csv.Releases.md = ..\docs\Sylvan.Data.Csv.Releases.md
		..\docs\Sylvan.Tools.SystemInfo.md = ..\docs\Sylvan.Tools.SystemInfo.md
	EndProjectSection
EndProject
Project("{9A19103F-16F7-4668-BE54-9A1E7A4F7556}") = "Sylvan.BuildTools.Data", "Sylvan.BuildTools.Data\Sylvan.BuildTools.Data.csproj", "{277AE92E-A25E-4C9F-B6FC-5172CA3E283D}"
EndProject
Project("{9A19103F-16F7-4668-BE54-9A1E7A4F7556}") = "Sylvan.BuildTools.Data.Tests", "Sylvan.BuildTools.Data.Tests\Sylvan.BuildTools.Data.Tests.csproj", "{D4616E66-28EF-49E7-8CC5-351D8457312D}"
EndProject
Project("{9A19103F-16F7-4668-BE54-9A1E7A4F7556}") = "Sylvan.Data.XBase", "Sylvan.Data.XBase\Sylvan.Data.XBase.csproj", "{E4C6FE26-BB63-448A-A0F1-B81B4E83597B}"
EndProject
Project("{9A19103F-16F7-4668-BE54-9A1E7A4F7556}") = "Sylvan.Data.XBase.Tests", "Sylvan.Data.XBase.Tests\Sylvan.Data.XBase.Tests.csproj", "{8B707398-D57B-47CF-B858-9052E60AC4A9}"
EndProject
Project("{2150E333-8FDC-42A3-9474-1A3956D46DE8}") = "Csv", "Csv", "{AEE4C9CD-23ED-4C22-BFEF-AA4E0B5CD2FC}"
	ProjectSection(SolutionItems) = preProject
		..\docs\Csv\Options.md = ..\docs\Csv\Options.md
		..\docs\Csv\Schema.md = ..\docs\Csv\Schema.md
	EndProjectSection
EndProject
Global
	GlobalSection(SolutionConfigurationPlatforms) = preSolution
		Debug|Any CPU = Debug|Any CPU
		Debug|x64 = Debug|x64
		Debug|x86 = Debug|x86
		Release|Any CPU = Release|Any CPU
		Release|x64 = Release|x64
		Release|x86 = Release|x86
	EndGlobalSection
	GlobalSection(ProjectConfigurationPlatforms) = postSolution
		{75FB5B35-17D3-400A-8FC4-ECFACB1163D5}.Debug|Any CPU.ActiveCfg = Debug|Any CPU
		{75FB5B35-17D3-400A-8FC4-ECFACB1163D5}.Debug|Any CPU.Build.0 = Debug|Any CPU
		{75FB5B35-17D3-400A-8FC4-ECFACB1163D5}.Debug|x64.ActiveCfg = Debug|Any CPU
		{75FB5B35-17D3-400A-8FC4-ECFACB1163D5}.Debug|x64.Build.0 = Debug|Any CPU
		{75FB5B35-17D3-400A-8FC4-ECFACB1163D5}.Debug|x86.ActiveCfg = Debug|Any CPU
		{75FB5B35-17D3-400A-8FC4-ECFACB1163D5}.Debug|x86.Build.0 = Debug|Any CPU
		{75FB5B35-17D3-400A-8FC4-ECFACB1163D5}.Release|Any CPU.ActiveCfg = Release|Any CPU
		{75FB5B35-17D3-400A-8FC4-ECFACB1163D5}.Release|Any CPU.Build.0 = Release|Any CPU
		{75FB5B35-17D3-400A-8FC4-ECFACB1163D5}.Release|x64.ActiveCfg = Release|Any CPU
		{75FB5B35-17D3-400A-8FC4-ECFACB1163D5}.Release|x64.Build.0 = Release|Any CPU
		{75FB5B35-17D3-400A-8FC4-ECFACB1163D5}.Release|x86.ActiveCfg = Release|Any CPU
		{75FB5B35-17D3-400A-8FC4-ECFACB1163D5}.Release|x86.Build.0 = Release|Any CPU
		{30F75797-AEE0-4628-9E10-CF52961A9B1A}.Debug|Any CPU.ActiveCfg = Debug|Any CPU
		{30F75797-AEE0-4628-9E10-CF52961A9B1A}.Debug|Any CPU.Build.0 = Debug|Any CPU
		{30F75797-AEE0-4628-9E10-CF52961A9B1A}.Debug|x64.ActiveCfg = Debug|Any CPU
		{30F75797-AEE0-4628-9E10-CF52961A9B1A}.Debug|x64.Build.0 = Debug|Any CPU
		{30F75797-AEE0-4628-9E10-CF52961A9B1A}.Debug|x86.ActiveCfg = Debug|Any CPU
		{30F75797-AEE0-4628-9E10-CF52961A9B1A}.Debug|x86.Build.0 = Debug|Any CPU
		{30F75797-AEE0-4628-9E10-CF52961A9B1A}.Release|Any CPU.ActiveCfg = Release|Any CPU
		{30F75797-AEE0-4628-9E10-CF52961A9B1A}.Release|Any CPU.Build.0 = Release|Any CPU
		{30F75797-AEE0-4628-9E10-CF52961A9B1A}.Release|x64.ActiveCfg = Release|Any CPU
		{30F75797-AEE0-4628-9E10-CF52961A9B1A}.Release|x64.Build.0 = Release|Any CPU
		{30F75797-AEE0-4628-9E10-CF52961A9B1A}.Release|x86.ActiveCfg = Release|Any CPU
		{30F75797-AEE0-4628-9E10-CF52961A9B1A}.Release|x86.Build.0 = Release|Any CPU
		{BAF83B6A-4F03-4663-A533-70B5CBD1552B}.Debug|Any CPU.ActiveCfg = Debug|Any CPU
		{BAF83B6A-4F03-4663-A533-70B5CBD1552B}.Debug|Any CPU.Build.0 = Debug|Any CPU
		{BAF83B6A-4F03-4663-A533-70B5CBD1552B}.Debug|x64.ActiveCfg = Debug|Any CPU
		{BAF83B6A-4F03-4663-A533-70B5CBD1552B}.Debug|x64.Build.0 = Debug|Any CPU
		{BAF83B6A-4F03-4663-A533-70B5CBD1552B}.Debug|x86.ActiveCfg = Debug|Any CPU
		{BAF83B6A-4F03-4663-A533-70B5CBD1552B}.Debug|x86.Build.0 = Debug|Any CPU
		{BAF83B6A-4F03-4663-A533-70B5CBD1552B}.Release|Any CPU.ActiveCfg = Release|Any CPU
		{BAF83B6A-4F03-4663-A533-70B5CBD1552B}.Release|Any CPU.Build.0 = Release|Any CPU
		{BAF83B6A-4F03-4663-A533-70B5CBD1552B}.Release|x64.ActiveCfg = Release|Any CPU
		{BAF83B6A-4F03-4663-A533-70B5CBD1552B}.Release|x64.Build.0 = Release|Any CPU
		{BAF83B6A-4F03-4663-A533-70B5CBD1552B}.Release|x86.ActiveCfg = Release|Any CPU
		{BAF83B6A-4F03-4663-A533-70B5CBD1552B}.Release|x86.Build.0 = Release|Any CPU
		{9550B025-23E5-47EC-99F5-5D3676357C5A}.Debug|Any CPU.ActiveCfg = Debug|Any CPU
		{9550B025-23E5-47EC-99F5-5D3676357C5A}.Debug|Any CPU.Build.0 = Debug|Any CPU
		{9550B025-23E5-47EC-99F5-5D3676357C5A}.Debug|x64.ActiveCfg = Debug|Any CPU
		{9550B025-23E5-47EC-99F5-5D3676357C5A}.Debug|x64.Build.0 = Debug|Any CPU
		{9550B025-23E5-47EC-99F5-5D3676357C5A}.Debug|x86.ActiveCfg = Debug|Any CPU
		{9550B025-23E5-47EC-99F5-5D3676357C5A}.Debug|x86.Build.0 = Debug|Any CPU
		{9550B025-23E5-47EC-99F5-5D3676357C5A}.Release|Any CPU.ActiveCfg = Release|Any CPU
		{9550B025-23E5-47EC-99F5-5D3676357C5A}.Release|Any CPU.Build.0 = Release|Any CPU
		{9550B025-23E5-47EC-99F5-5D3676357C5A}.Release|x64.ActiveCfg = Release|Any CPU
		{9550B025-23E5-47EC-99F5-5D3676357C5A}.Release|x64.Build.0 = Release|Any CPU
		{9550B025-23E5-47EC-99F5-5D3676357C5A}.Release|x86.ActiveCfg = Release|Any CPU
		{9550B025-23E5-47EC-99F5-5D3676357C5A}.Release|x86.Build.0 = Release|Any CPU
		{50FBCD70-BE18-49FF-8D65-9E0F8ABDC580}.Debug|Any CPU.ActiveCfg = Debug|Any CPU
		{50FBCD70-BE18-49FF-8D65-9E0F8ABDC580}.Debug|Any CPU.Build.0 = Debug|Any CPU
		{50FBCD70-BE18-49FF-8D65-9E0F8ABDC580}.Debug|x64.ActiveCfg = Debug|Any CPU
		{50FBCD70-BE18-49FF-8D65-9E0F8ABDC580}.Debug|x64.Build.0 = Debug|Any CPU
		{50FBCD70-BE18-49FF-8D65-9E0F8ABDC580}.Debug|x86.ActiveCfg = Debug|Any CPU
		{50FBCD70-BE18-49FF-8D65-9E0F8ABDC580}.Debug|x86.Build.0 = Debug|Any CPU
		{50FBCD70-BE18-49FF-8D65-9E0F8ABDC580}.Release|Any CPU.ActiveCfg = Release|Any CPU
		{50FBCD70-BE18-49FF-8D65-9E0F8ABDC580}.Release|Any CPU.Build.0 = Release|Any CPU
		{50FBCD70-BE18-49FF-8D65-9E0F8ABDC580}.Release|x64.ActiveCfg = Release|Any CPU
		{50FBCD70-BE18-49FF-8D65-9E0F8ABDC580}.Release|x64.Build.0 = Release|Any CPU
		{50FBCD70-BE18-49FF-8D65-9E0F8ABDC580}.Release|x86.ActiveCfg = Release|Any CPU
		{50FBCD70-BE18-49FF-8D65-9E0F8ABDC580}.Release|x86.Build.0 = Release|Any CPU
		{A2755B18-1B14-4641-998D-AE5A15140F62}.Debug|Any CPU.ActiveCfg = Debug|Any CPU
		{A2755B18-1B14-4641-998D-AE5A15140F62}.Debug|Any CPU.Build.0 = Debug|Any CPU
		{A2755B18-1B14-4641-998D-AE5A15140F62}.Debug|x64.ActiveCfg = Debug|Any CPU
		{A2755B18-1B14-4641-998D-AE5A15140F62}.Debug|x64.Build.0 = Debug|Any CPU
		{A2755B18-1B14-4641-998D-AE5A15140F62}.Debug|x86.ActiveCfg = Debug|Any CPU
		{A2755B18-1B14-4641-998D-AE5A15140F62}.Debug|x86.Build.0 = Debug|Any CPU
		{A2755B18-1B14-4641-998D-AE5A15140F62}.Release|Any CPU.ActiveCfg = Release|Any CPU
		{A2755B18-1B14-4641-998D-AE5A15140F62}.Release|Any CPU.Build.0 = Release|Any CPU
		{A2755B18-1B14-4641-998D-AE5A15140F62}.Release|x64.ActiveCfg = Release|Any CPU
		{A2755B18-1B14-4641-998D-AE5A15140F62}.Release|x64.Build.0 = Release|Any CPU
		{A2755B18-1B14-4641-998D-AE5A15140F62}.Release|x86.ActiveCfg = Release|Any CPU
		{A2755B18-1B14-4641-998D-AE5A15140F62}.Release|x86.Build.0 = Release|Any CPU
		{7C6433C4-CE77-43D9-B888-A0A7C5B17C4D}.Debug|Any CPU.ActiveCfg = Debug|Any CPU
		{7C6433C4-CE77-43D9-B888-A0A7C5B17C4D}.Debug|Any CPU.Build.0 = Debug|Any CPU
		{7C6433C4-CE77-43D9-B888-A0A7C5B17C4D}.Debug|x64.ActiveCfg = Debug|Any CPU
		{7C6433C4-CE77-43D9-B888-A0A7C5B17C4D}.Debug|x64.Build.0 = Debug|Any CPU
		{7C6433C4-CE77-43D9-B888-A0A7C5B17C4D}.Debug|x86.ActiveCfg = Debug|Any CPU
		{7C6433C4-CE77-43D9-B888-A0A7C5B17C4D}.Debug|x86.Build.0 = Debug|Any CPU
		{7C6433C4-CE77-43D9-B888-A0A7C5B17C4D}.Release|Any CPU.ActiveCfg = Release|Any CPU
		{7C6433C4-CE77-43D9-B888-A0A7C5B17C4D}.Release|Any CPU.Build.0 = Release|Any CPU
		{7C6433C4-CE77-43D9-B888-A0A7C5B17C4D}.Release|x64.ActiveCfg = Release|Any CPU
		{7C6433C4-CE77-43D9-B888-A0A7C5B17C4D}.Release|x64.Build.0 = Release|Any CPU
		{7C6433C4-CE77-43D9-B888-A0A7C5B17C4D}.Release|x86.ActiveCfg = Release|Any CPU
		{7C6433C4-CE77-43D9-B888-A0A7C5B17C4D}.Release|x86.Build.0 = Release|Any CPU
		{27492A16-95EA-44D4-AA2D-7834A907C00E}.Debug|Any CPU.ActiveCfg = Debug|Any CPU
		{27492A16-95EA-44D4-AA2D-7834A907C00E}.Debug|Any CPU.Build.0 = Debug|Any CPU
		{27492A16-95EA-44D4-AA2D-7834A907C00E}.Debug|x64.ActiveCfg = Debug|Any CPU
		{27492A16-95EA-44D4-AA2D-7834A907C00E}.Debug|x64.Build.0 = Debug|Any CPU
		{27492A16-95EA-44D4-AA2D-7834A907C00E}.Debug|x86.ActiveCfg = Debug|Any CPU
		{27492A16-95EA-44D4-AA2D-7834A907C00E}.Debug|x86.Build.0 = Debug|Any CPU
		{27492A16-95EA-44D4-AA2D-7834A907C00E}.Release|Any CPU.ActiveCfg = Release|Any CPU
		{27492A16-95EA-44D4-AA2D-7834A907C00E}.Release|Any CPU.Build.0 = Release|Any CPU
		{27492A16-95EA-44D4-AA2D-7834A907C00E}.Release|x64.ActiveCfg = Release|Any CPU
		{27492A16-95EA-44D4-AA2D-7834A907C00E}.Release|x64.Build.0 = Release|Any CPU
		{27492A16-95EA-44D4-AA2D-7834A907C00E}.Release|x86.ActiveCfg = Release|Any CPU
		{27492A16-95EA-44D4-AA2D-7834A907C00E}.Release|x86.Build.0 = Release|Any CPU
		{7FE08757-86A4-4E5D-AB4F-8645A03A7493}.Debug|Any CPU.ActiveCfg = Debug|Any CPU
		{7FE08757-86A4-4E5D-AB4F-8645A03A7493}.Debug|Any CPU.Build.0 = Debug|Any CPU
		{7FE08757-86A4-4E5D-AB4F-8645A03A7493}.Debug|x64.ActiveCfg = Debug|Any CPU
		{7FE08757-86A4-4E5D-AB4F-8645A03A7493}.Debug|x64.Build.0 = Debug|Any CPU
		{7FE08757-86A4-4E5D-AB4F-8645A03A7493}.Debug|x86.ActiveCfg = Debug|Any CPU
		{7FE08757-86A4-4E5D-AB4F-8645A03A7493}.Debug|x86.Build.0 = Debug|Any CPU
		{7FE08757-86A4-4E5D-AB4F-8645A03A7493}.Release|Any CPU.ActiveCfg = Release|Any CPU
		{7FE08757-86A4-4E5D-AB4F-8645A03A7493}.Release|Any CPU.Build.0 = Release|Any CPU
		{7FE08757-86A4-4E5D-AB4F-8645A03A7493}.Release|x64.ActiveCfg = Release|Any CPU
		{7FE08757-86A4-4E5D-AB4F-8645A03A7493}.Release|x64.Build.0 = Release|Any CPU
		{7FE08757-86A4-4E5D-AB4F-8645A03A7493}.Release|x86.ActiveCfg = Release|Any CPU
		{7FE08757-86A4-4E5D-AB4F-8645A03A7493}.Release|x86.Build.0 = Release|Any CPU
		{277AE92E-A25E-4C9F-B6FC-5172CA3E283D}.Debug|Any CPU.ActiveCfg = Debug|Any CPU
		{277AE92E-A25E-4C9F-B6FC-5172CA3E283D}.Debug|Any CPU.Build.0 = Debug|Any CPU
		{277AE92E-A25E-4C9F-B6FC-5172CA3E283D}.Debug|x64.ActiveCfg = Debug|Any CPU
		{277AE92E-A25E-4C9F-B6FC-5172CA3E283D}.Debug|x64.Build.0 = Debug|Any CPU
		{277AE92E-A25E-4C9F-B6FC-5172CA3E283D}.Debug|x86.ActiveCfg = Debug|Any CPU
		{277AE92E-A25E-4C9F-B6FC-5172CA3E283D}.Debug|x86.Build.0 = Debug|Any CPU
		{277AE92E-A25E-4C9F-B6FC-5172CA3E283D}.Release|Any CPU.ActiveCfg = Release|Any CPU
		{277AE92E-A25E-4C9F-B6FC-5172CA3E283D}.Release|Any CPU.Build.0 = Release|Any CPU
		{277AE92E-A25E-4C9F-B6FC-5172CA3E283D}.Release|x64.ActiveCfg = Release|Any CPU
		{277AE92E-A25E-4C9F-B6FC-5172CA3E283D}.Release|x64.Build.0 = Release|Any CPU
		{277AE92E-A25E-4C9F-B6FC-5172CA3E283D}.Release|x86.ActiveCfg = Release|Any CPU
		{277AE92E-A25E-4C9F-B6FC-5172CA3E283D}.Release|x86.Build.0 = Release|Any CPU
		{D4616E66-28EF-49E7-8CC5-351D8457312D}.Debug|Any CPU.ActiveCfg = Debug|Any CPU
		{D4616E66-28EF-49E7-8CC5-351D8457312D}.Debug|Any CPU.Build.0 = Debug|Any CPU
		{D4616E66-28EF-49E7-8CC5-351D8457312D}.Debug|x64.ActiveCfg = Debug|Any CPU
		{D4616E66-28EF-49E7-8CC5-351D8457312D}.Debug|x64.Build.0 = Debug|Any CPU
		{D4616E66-28EF-49E7-8CC5-351D8457312D}.Debug|x86.ActiveCfg = Debug|Any CPU
		{D4616E66-28EF-49E7-8CC5-351D8457312D}.Debug|x86.Build.0 = Debug|Any CPU
		{D4616E66-28EF-49E7-8CC5-351D8457312D}.Release|Any CPU.ActiveCfg = Release|Any CPU
		{D4616E66-28EF-49E7-8CC5-351D8457312D}.Release|Any CPU.Build.0 = Release|Any CPU
		{D4616E66-28EF-49E7-8CC5-351D8457312D}.Release|x64.ActiveCfg = Release|Any CPU
		{D4616E66-28EF-49E7-8CC5-351D8457312D}.Release|x64.Build.0 = Release|Any CPU
		{D4616E66-28EF-49E7-8CC5-351D8457312D}.Release|x86.ActiveCfg = Release|Any CPU
		{D4616E66-28EF-49E7-8CC5-351D8457312D}.Release|x86.Build.0 = Release|Any CPU
		{E4C6FE26-BB63-448A-A0F1-B81B4E83597B}.Debug|Any CPU.ActiveCfg = Debug|Any CPU
		{E4C6FE26-BB63-448A-A0F1-B81B4E83597B}.Debug|Any CPU.Build.0 = Debug|Any CPU
		{E4C6FE26-BB63-448A-A0F1-B81B4E83597B}.Debug|x64.ActiveCfg = Debug|Any CPU
		{E4C6FE26-BB63-448A-A0F1-B81B4E83597B}.Debug|x64.Build.0 = Debug|Any CPU
		{E4C6FE26-BB63-448A-A0F1-B81B4E83597B}.Debug|x86.ActiveCfg = Debug|Any CPU
		{E4C6FE26-BB63-448A-A0F1-B81B4E83597B}.Debug|x86.Build.0 = Debug|Any CPU
		{E4C6FE26-BB63-448A-A0F1-B81B4E83597B}.Release|Any CPU.ActiveCfg = Release|Any CPU
		{E4C6FE26-BB63-448A-A0F1-B81B4E83597B}.Release|Any CPU.Build.0 = Release|Any CPU
		{E4C6FE26-BB63-448A-A0F1-B81B4E83597B}.Release|x64.ActiveCfg = Release|Any CPU
		{E4C6FE26-BB63-448A-A0F1-B81B4E83597B}.Release|x64.Build.0 = Release|Any CPU
		{E4C6FE26-BB63-448A-A0F1-B81B4E83597B}.Release|x86.ActiveCfg = Release|Any CPU
		{E4C6FE26-BB63-448A-A0F1-B81B4E83597B}.Release|x86.Build.0 = Release|Any CPU
		{8B707398-D57B-47CF-B858-9052E60AC4A9}.Debug|Any CPU.ActiveCfg = Debug|Any CPU
		{8B707398-D57B-47CF-B858-9052E60AC4A9}.Debug|Any CPU.Build.0 = Debug|Any CPU
		{8B707398-D57B-47CF-B858-9052E60AC4A9}.Debug|x64.ActiveCfg = Debug|Any CPU
		{8B707398-D57B-47CF-B858-9052E60AC4A9}.Debug|x64.Build.0 = Debug|Any CPU
		{8B707398-D57B-47CF-B858-9052E60AC4A9}.Debug|x86.ActiveCfg = Debug|Any CPU
		{8B707398-D57B-47CF-B858-9052E60AC4A9}.Debug|x86.Build.0 = Debug|Any CPU
		{8B707398-D57B-47CF-B858-9052E60AC4A9}.Release|Any CPU.ActiveCfg = Release|Any CPU
		{8B707398-D57B-47CF-B858-9052E60AC4A9}.Release|Any CPU.Build.0 = Release|Any CPU
		{8B707398-D57B-47CF-B858-9052E60AC4A9}.Release|x64.ActiveCfg = Release|Any CPU
		{8B707398-D57B-47CF-B858-9052E60AC4A9}.Release|x64.Build.0 = Release|Any CPU
		{8B707398-D57B-47CF-B858-9052E60AC4A9}.Release|x86.ActiveCfg = Release|Any CPU
		{8B707398-D57B-47CF-B858-9052E60AC4A9}.Release|x86.Build.0 = Release|Any CPU
	EndGlobalSection
	GlobalSection(SolutionProperties) = preSolution
		HideSolutionNode = FALSE
	EndGlobalSection
	GlobalSection(NestedProjects) = preSolution
		{30F75797-AEE0-4628-9E10-CF52961A9B1A} = {395AEB56-67B5-4510-A19C-9E8811062C87}
		{9550B025-23E5-47EC-99F5-5D3676357C5A} = {395AEB56-67B5-4510-A19C-9E8811062C87}
		{50FBCD70-BE18-49FF-8D65-9E0F8ABDC580} = {395AEB56-67B5-4510-A19C-9E8811062C87}
		{7C6433C4-CE77-43D9-B888-A0A7C5B17C4D} = {395AEB56-67B5-4510-A19C-9E8811062C87}
		{7FE08757-86A4-4E5D-AB4F-8645A03A7493} = {38AEC6F9-6E57-4C17-ACDD-ACF310AA2537}
		{277AE92E-A25E-4C9F-B6FC-5172CA3E283D} = {38AEC6F9-6E57-4C17-ACDD-ACF310AA2537}
		{D4616E66-28EF-49E7-8CC5-351D8457312D} = {395AEB56-67B5-4510-A19C-9E8811062C87}
		{8B707398-D57B-47CF-B858-9052E60AC4A9} = {395AEB56-67B5-4510-A19C-9E8811062C87}
		{AEE4C9CD-23ED-4C22-BFEF-AA4E0B5CD2FC} = {BF19FE51-6183-4B10-888C-B85E3BFBA9C0}
	EndGlobalSection
	GlobalSection(ExtensibilityGlobals) = postSolution
		SolutionGuid = {DBE90730-1E35-44B9-9C20-707675F7BD3A}
	EndGlobalSection
EndGlobal
